// !$*UTF8*$!
{
	archiveVersion = 1;
	classes = {
	};
	objectVersion = 46;
	objects = {

/* Begin PBXBuildFile section */
		C2965EAC1D28379900936FF6 /* AppDelegate.swift in Sources */ = {isa = PBXBuildFile; fileRef = C2965EAB1D28379900936FF6 /* AppDelegate.swift */; };
		C2965EAE1D28379900936FF6 /* ViewController.swift in Sources */ = {isa = PBXBuildFile; fileRef = C2965EAD1D28379900936FF6 /* ViewController.swift */; };
		C2965EB11D28379900936FF6 /* Main.storyboard in Resources */ = {isa = PBXBuildFile; fileRef = C2965EAF1D28379900936FF6 /* Main.storyboard */; };
		C2965EB41D28379900936FF6 /* HodorChat.xcdatamodeld in Sources */ = {isa = PBXBuildFile; fileRef = C2965EB21D28379900936FF6 /* HodorChat.xcdatamodeld */; };
		C2965EB61D28379900936FF6 /* Assets.xcassets in Resources */ = {isa = PBXBuildFile; fileRef = C2965EB51D28379900936FF6 /* Assets.xcassets */; };
		C2965EB91D28379900936FF6 /* LaunchScreen.storyboard in Resources */ = {isa = PBXBuildFile; fileRef = C2965EB71D28379900936FF6 /* LaunchScreen.storyboard */; };
		C2965EC11D2837D900936FF6 /* Firebase.framework in Frameworks */ = {isa = PBXBuildFile; fileRef = C2965EC01D2837D900936FF6 /* Firebase.framework */; };
		C2965EC31D2837EA00936FF6 /* libicucore.tbd in Frameworks */ = {isa = PBXBuildFile; fileRef = C2965EC21D2837EA00936FF6 /* libicucore.tbd */; };
		C2965EC51D2837F100936FF6 /* libc++.tbd in Frameworks */ = {isa = PBXBuildFile; fileRef = C2965EC41D2837F100936FF6 /* libc++.tbd */; };
		C2965EC71D2837F800936FF6 /* CFNetwork.framework in Frameworks */ = {isa = PBXBuildFile; fileRef = C2965EC61D2837F800936FF6 /* CFNetwork.framework */; };
		C2965EC91D2837FF00936FF6 /* Security.framework in Frameworks */ = {isa = PBXBuildFile; fileRef = C2965EC81D2837FF00936FF6 /* Security.framework */; };
		C2965ECB1D28380500936FF6 /* SystemConfiguration.framework in Frameworks */ = {isa = PBXBuildFile; fileRef = C2965ECA1D28380500936FF6 /* SystemConfiguration.framework */; };
		C2965ED01D2838E800936FF6 /* FBSDKCoreKit.framework in Frameworks */ = {isa = PBXBuildFile; fileRef = C2965ECD1D2838E800936FF6 /* FBSDKCoreKit.framework */; };
		C2965ED11D2838E800936FF6 /* FBSDKLoginKit.framework in Frameworks */ = {isa = PBXBuildFile; fileRef = C2965ECE1D2838E800936FF6 /* FBSDKLoginKit.framework */; };
		C2965ED21D2838E800936FF6 /* FBSDKShareKit.framework in Frameworks */ = {isa = PBXBuildFile; fileRef = C2965ECF1D2838E800936FF6 /* FBSDKShareKit.framework */; };
/* End PBXBuildFile section */

/* Begin PBXFileReference section */
		C2965EA81D28379900936FF6 /* HodorChat.app */ = {isa = PBXFileReference; explicitFileType = wrapper.application; includeInIndex = 0; path = HodorChat.app; sourceTree = BUILT_PRODUCTS_DIR; };
		C2965EAB1D28379900936FF6 /* AppDelegate.swift */ = {isa = PBXFileReference; lastKnownFileType = sourcecode.swift; path = AppDelegate.swift; sourceTree = "<group>"; };
		C2965EAD1D28379900936FF6 /* ViewController.swift */ = {isa = PBXFileReference; lastKnownFileType = sourcecode.swift; path = ViewController.swift; sourceTree = "<group>"; };
		C2965EB01D28379900936FF6 /* Base */ = {isa = PBXFileReference; lastKnownFileType = file.storyboard; name = Base; path = Base.lproj/Main.storyboard; sourceTree = "<group>"; };
		C2965EB31D28379900936FF6 /* HodorChat.xcdatamodel */ = {isa = PBXFileReference; lastKnownFileType = wrapper.xcdatamodel; path = HodorChat.xcdatamodel; sourceTree = "<group>"; };
		C2965EB51D28379900936FF6 /* Assets.xcassets */ = {isa = PBXFileReference; lastKnownFileType = folder.assetcatalog; path = Assets.xcassets; sourceTree = "<group>"; };
		C2965EB81D28379900936FF6 /* Base */ = {isa = PBXFileReference; lastKnownFileType = file.storyboard; name = Base; path = Base.lproj/LaunchScreen.storyboard; sourceTree = "<group>"; };
		C2965EBA1D28379900936FF6 /* Info.plist */ = {isa = PBXFileReference; lastKnownFileType = text.plist.xml; path = Info.plist; sourceTree = "<group>"; };
		C2965EC01D2837D900936FF6 /* Firebase.framework */ = {isa = PBXFileReference; lastKnownFileType = wrapper.framework; path = Firebase.framework; sourceTree = "<group>"; };
		C2965EC21D2837EA00936FF6 /* libicucore.tbd */ = {isa = PBXFileReference; lastKnownFileType = "sourcecode.text-based-dylib-definition"; name = libicucore.tbd; path = usr/lib/libicucore.tbd; sourceTree = SDKROOT; };
		C2965EC41D2837F100936FF6 /* libc++.tbd */ = {isa = PBXFileReference; lastKnownFileType = "sourcecode.text-based-dylib-definition"; name = "libc++.tbd"; path = "usr/lib/libc++.tbd"; sourceTree = SDKROOT; };
		C2965EC61D2837F800936FF6 /* CFNetwork.framework */ = {isa = PBXFileReference; lastKnownFileType = wrapper.framework; name = CFNetwork.framework; path = System/Library/Frameworks/CFNetwork.framework; sourceTree = SDKROOT; };
		C2965EC81D2837FF00936FF6 /* Security.framework */ = {isa = PBXFileReference; lastKnownFileType = wrapper.framework; name = Security.framework; path = System/Library/Frameworks/Security.framework; sourceTree = SDKROOT; };
		C2965ECA1D28380500936FF6 /* SystemConfiguration.framework */ = {isa = PBXFileReference; lastKnownFileType = wrapper.framework; name = SystemConfiguration.framework; path = System/Library/Frameworks/SystemConfiguration.framework; sourceTree = SDKROOT; };
		C2965ECD1D2838E800936FF6 /* FBSDKCoreKit.framework */ = {isa = PBXFileReference; lastKnownFileType = wrapper.framework; path = FBSDKCoreKit.framework; sourceTree = "<group>"; };
		C2965ECE1D2838E800936FF6 /* FBSDKLoginKit.framework */ = {isa = PBXFileReference; lastKnownFileType = wrapper.framework; path = FBSDKLoginKit.framework; sourceTree = "<group>"; };
		C2965ECF1D2838E800936FF6 /* FBSDKShareKit.framework */ = {isa = PBXFileReference; lastKnownFileType = wrapper.framework; path = FBSDKShareKit.framework; sourceTree = "<group>"; };
/* End PBXFileReference section */

/* Begin PBXFrameworksBuildPhase section */
		C2965EA51D28379900936FF6 /* Frameworks */ = {
			isa = PBXFrameworksBuildPhase;
			buildActionMask = 2147483647;
			files = (
				C2965ECB1D28380500936FF6 /* SystemConfiguration.framework in Frameworks */,
				C2965EC91D2837FF00936FF6 /* Security.framework in Frameworks */,
				C2965EC71D2837F800936FF6 /* CFNetwork.framework in Frameworks */,
				C2965EC51D2837F100936FF6 /* libc++.tbd in Frameworks */,
				C2965ED01D2838E800936FF6 /* FBSDKCoreKit.framework in Frameworks */,
				C2965ED21D2838E800936FF6 /* FBSDKShareKit.framework in Frameworks */,
				C2965EC31D2837EA00936FF6 /* libicucore.tbd in Frameworks */,
				C2965ED11D2838E800936FF6 /* FBSDKLoginKit.framework in Frameworks */,
				C2965EC11D2837D900936FF6 /* Firebase.framework in Frameworks */,
			);
			runOnlyForDeploymentPostprocessing = 0;
		};
/* End PBXFrameworksBuildPhase section */

/* Begin PBXGroup section */
		C2965E9F1D28379900936FF6 = {
			isa = PBXGroup;
			children = (
				C2965EAA1D28379900936FF6 /* HodorChat */,
				C2965EA91D28379900936FF6 /* Products */,
			);
			sourceTree = "<group>";
		};
		C2965EA91D28379900936FF6 /* Products */ = {
			isa = PBXGroup;
			children = (
				C2965EA81D28379900936FF6 /* HodorChat.app */,
			);
			name = Products;
			sourceTree = "<group>";
		};
		C2965EAA1D28379900936FF6 /* HodorChat */ = {
			isa = PBXGroup;
			children = (
				C2965ECC1D28382800936FF6 /* FrameWork */,
				C2965EAB1D28379900936FF6 /* AppDelegate.swift */,
				C2965EAD1D28379900936FF6 /* ViewController.swift */,
				C2965EAF1D28379900936FF6 /* Main.storyboard */,
				C2965EB51D28379900936FF6 /* Assets.xcassets */,
				C2965EB71D28379900936FF6 /* LaunchScreen.storyboard */,
				C2965EBA1D28379900936FF6 /* Info.plist */,
				C2965EB21D28379900936FF6 /* HodorChat.xcdatamodeld */,
			);
			path = HodorChat;
			sourceTree = "<group>";
		};
		C2965ECC1D28382800936FF6 /* FrameWork */ = {
			isa = PBXGroup;
			children = (
				C2965ECD1D2838E800936FF6 /* FBSDKCoreKit.framework */,
				C2965ECE1D2838E800936FF6 /* FBSDKLoginKit.framework */,
				C2965ECF1D2838E800936FF6 /* FBSDKShareKit.framework */,
				C2965ECA1D28380500936FF6 /* SystemConfiguration.framework */,
				C2965EC81D2837FF00936FF6 /* Security.framework */,
				C2965EC61D2837F800936FF6 /* CFNetwork.framework */,
				C2965EC41D2837F100936FF6 /* libc++.tbd */,
				C2965EC21D2837EA00936FF6 /* libicucore.tbd */,
				C2965EC01D2837D900936FF6 /* Firebase.framework */,
			);
			name = FrameWork;
			sourceTree = "<group>";
		};
/* End PBXGroup section */

/* Begin PBXNativeTarget section */
		C2965EA71D28379900936FF6 /* HodorChat */ = {
			isa = PBXNativeTarget;
			buildConfigurationList = C2965EBD1D28379900936FF6 /* Build configuration list for PBXNativeTarget "HodorChat" */;
			buildPhases = (
				C2965EA41D28379900936FF6 /* Sources */,
				C2965EA51D28379900936FF6 /* Frameworks */,
				C2965EA61D28379900936FF6 /* Resources */,
			);
			buildRules = (
			);
			dependencies = (
			);
			name = HodorChat;
			productName = HodorChat;
			productReference = C2965EA81D28379900936FF6 /* HodorChat.app */;
			productType = "com.apple.product-type.application";
		};
/* End PBXNativeTarget section */

/* Begin PBXProject section */
		C2965EA01D28379900936FF6 /* Project object */ = {
			isa = PBXProject;
			attributes = {
				LastSwiftUpdateCheck = 0730;
				LastUpgradeCheck = 0730;
				ORGANIZATIONNAME = "Mateus Da Costa Goncalves";
				TargetAttributes = {
					C2965EA71D28379900936FF6 = {
						CreatedOnToolsVersion = 7.3;
					};
				};
			};
			buildConfigurationList = C2965EA31D28379900936FF6 /* Build configuration list for PBXProject "HodorChat" */;
			compatibilityVersion = "Xcode 3.2";
			developmentRegion = English;
			hasScannedForEncodings = 0;
			knownRegions = (
				en,
				Base,
			);
			mainGroup = C2965E9F1D28379900936FF6;
			productRefGroup = C2965EA91D28379900936FF6 /* Products */;
			projectDirPath = "";
			projectRoot = "";
			targets = (
				C2965EA71D28379900936FF6 /* HodorChat */,
			);
		};
/* End PBXProject section */

/* Begin PBXResourcesBuildPhase section */
		C2965EA61D28379900936FF6 /* Resources */ = {
			isa = PBXResourcesBuildPhase;
			buildActionMask = 2147483647;
			files = (
				C2965EB91D28379900936FF6 /* LaunchScreen.storyboard in Resources */,
				C2965EB61D28379900936FF6 /* Assets.xcassets in Resources */,
				C2965EB11D28379900936FF6 /* Main.storyboard in Resources */,
			);
			runOnlyForDeploymentPostprocessing = 0;
		};
/* End PBXResourcesBuildPhase section */

/* Begin PBXSourcesBuildPhase section */
		C2965EA41D28379900936FF6 /* Sources */ = {
			isa = PBXSourcesBuildPhase;
			buildActionMask = 2147483647;
			files = (
				C2965EB41D28379900936FF6 /* HodorChat.xcdatamodeld in Sources */,
				C2965EAE1D28379900936FF6 /* ViewController.swift in Sources */,
				C2965EAC1D28379900936FF6 /* AppDelegate.swift in Sources */,
			);
			runOnlyForDeploymentPostprocessing = 0;
		};
/* End PBXSourcesBuildPhase section */

/* Begin PBXVariantGroup section */
		C2965EAF1D28379900936FF6 /* Main.storyboard */ = {
			isa = PBXVariantGroup;
			children = (
				C2965EB01D28379900936FF6 /* Base */,
			);
			name = Main.storyboard;
			sourceTree = "<group>";
		};
		C2965EB71D28379900936FF6 /* LaunchScreen.storyboard */ = {
			isa = PBXVariantGroup;
			children = (
				C2965EB81D28379900936FF6 /* Base */,
			);
			name = LaunchScreen.storyboard;
			sourceTree = "<group>";
		};
/* End PBXVariantGroup section */

/* Begin XCBuildConfiguration section */
		C2965EBB1D28379900936FF6 /* Debug */ = {
			isa = XCBuildConfiguration;
			buildSettings = {
				ALWAYS_SEARCH_USER_PATHS = NO;
				CLANG_ANALYZER_NONNULL = YES;
				CLANG_CXX_LANGUAGE_STANDARD = "gnu++0x";
				CLANG_CXX_LIBRARY = "libc++";
				CLANG_ENABLE_MODULES = YES;
				CLANG_ENABLE_OBJC_ARC = YES;
				CLANG_WARN_BOOL_CONVERSION = YES;
				CLANG_WARN_CONSTANT_CONVERSION = YES;
				CLANG_WARN_DIRECT_OBJC_ISA_USAGE = YES_ERROR;
				CLANG_WARN_EMPTY_BODY = YES;
				CLANG_WARN_ENUM_CONVERSION = YES;
				CLANG_WARN_INT_CONVERSION = YES;
				CLANG_WARN_OBJC_ROOT_CLASS = YES_ERROR;
				CLANG_WARN_UNREACHABLE_CODE = YES;
				CLANG_WARN__DUPLICATE_METHOD_MATCH = YES;
				"CODE_SIGN_IDENTITY[sdk=iphoneos*]" = "iPhone Developer";
				COPY_PHASE_STRIP = NO;
				DEBUG_INFORMATION_FORMAT = dwarf;
				ENABLE_STRICT_OBJC_MSGSEND = YES;
				ENABLE_TESTABILITY = YES;
				GCC_C_LANGUAGE_STANDARD = gnu99;
				GCC_DYNAMIC_NO_PIC = NO;
				GCC_NO_COMMON_BLOCKS = YES;
				GCC_OPTIMIZATION_LEVEL = 0;
				GCC_PREPROCESSOR_DEFINITIONS = (
					"DEBUG=1",
					"$(inherited)",
				);
				GCC_WARN_64_TO_32_BIT_CONVERSION = YES;
				GCC_WARN_ABOUT_RETURN_TYPE = YES_ERROR;
				GCC_WARN_UNDECLARED_SELECTOR = YES;
				GCC_WARN_UNINITIALIZED_AUTOS = YES_AGGRESSIVE;
				GCC_WARN_UNUSED_FUNCTION = YES;
				GCC_WARN_UNUSED_VARIABLE = YES;
				IPHONEOS_DEPLOYMENT_TARGET = 9.0;
				MTL_ENABLE_DEBUG_INFO = YES;
				ONLY_ACTIVE_ARCH = YES;
				SDKROOT = iphoneos;
				SWIFT_OPTIMIZATION_LEVEL = "-Onone";
			};
			name = Debug;
		};
		C2965EBC1D28379900936FF6 /* Release */ = {
			isa = XCBuildConfiguration;
			buildSettings = {
				ALWAYS_SEARCH_USER_PATHS = NO;
				CLANG_ANALYZER_NONNULL = YES;
				CLANG_CXX_LANGUAGE_STANDARD = "gnu++0x";
				CLANG_CXX_LIBRARY = "libc++";
				CLANG_ENABLE_MODULES = YES;
				CLANG_ENABLE_OBJC_ARC = YES;
				CLANG_WARN_BOOL_CONVERSION = YES;
				CLANG_WARN_CONSTANT_CONVERSION = YES;
				CLANG_WARN_DIRECT_OBJC_ISA_USAGE = YES_ERROR;
				CLANG_WARN_EMPTY_BODY = YES;
				CLANG_WARN_ENUM_CONVERSION = YES;
				CLANG_WARN_INT_CONVERSION = YES;
				CLANG_WARN_OBJC_ROOT_CLASS = YES_ERROR;
				CLANG_WARN_UNREACHABLE_CODE = YES;
				CLANG_WARN__DUPLICATE_METHOD_MATCH = YES;
				"CODE_SIGN_IDENTITY[sdk=iphoneos*]" = "iPhone Developer";
				COPY_PHASE_STRIP = NO;
				DEBUG_INFORMATION_FORMAT = "dwarf-with-dsym";
				ENABLE_NS_ASSERTIONS = NO;
				ENABLE_STRICT_OBJC_MSGSEND = YES;
				GCC_C_LANGUAGE_STANDARD = gnu99;
				GCC_NO_COMMON_BLOCKS = YES;
				GCC_WARN_64_TO_32_BIT_CONVERSION = YES;
				GCC_WARN_ABOUT_RETURN_TYPE = YES_ERROR;
				GCC_WARN_UNDECLARED_SELECTOR = YES;
				GCC_WARN_UNINITIALIZED_AUTOS = YES_AGGRESSIVE;
				GCC_WARN_UNUSED_FUNCTION = YES;
				GCC_WARN_UNUSED_VARIABLE = YES;
				IPHONEOS_DEPLOYMENT_TARGET = 9.0;
				MTL_ENABLE_DEBUG_INFO = NO;
				SDKROOT = iphoneos;
				VALIDATE_PRODUCT = YES;
			};
			name = Release;
		};
		C2965EBE1D28379900936FF6 /* Debug */ = {
			isa = XCBuildConfiguration;
			buildSettings = {
				ASSETCATALOG_COMPILER_APPICON_NAME = AppIcon;
				FRAMEWORK_SEARCH_PATHS = (
					"$(inherited)",
					"$(PROJECT_DIR)/HodorChat",
				);
				INFOPLIST_FILE = HodorChat/Info.plist;
				LD_RUNPATH_SEARCH_PATHS = "$(inherited) @executable_path/Frameworks";
				PRODUCT_BUNDLE_IDENTIFIER = com.mateus.HodorChat;
				PRODUCT_NAME = "$(TARGET_NAME)";
			};
			name = Debug;
		};
		C2965EBF1D28379900936FF6 /* Release */ = {
			isa = XCBuildConfiguration;
			buildSettings = {
				ASSETCATALOG_COMPILER_APPICON_NAME = AppIcon;
				FRAMEWORK_SEARCH_PATHS = (
					"$(inherited)",
					"$(PROJECT_DIR)/HodorChat",
				);
				INFOPLIST_FILE = HodorChat/Info.plist;
				LD_RUNPATH_SEARCH_PATHS = "$(inherited) @executable_path/Frameworks";
				PRODUCT_BUNDLE_IDENTIFIER = com.mateus.HodorChat;
				PRODUCT_NAME = "$(TARGET_NAME)";
			};
			name = Release;
		};
/* End XCBuildConfiguration section */

/* Begin XCConfigurationList section */
		C2965EA31D28379900936FF6 /* Build configuration list for PBXProject "HodorChat" */ = {
			isa = XCConfigurationList;
			buildConfigurations = (
				C2965EBB1D28379900936FF6 /* Debug */,
				C2965EBC1D28379900936FF6 /* Release */,
			);
			defaultConfigurationIsVisible = 0;
			defaultConfigurationName = Release;
		};
		C2965EBD1D28379900936FF6 /* Build configuration list for PBXNativeTarget "HodorChat" */ = {
			isa = XCConfigurationList;
			buildConfigurations = (
				C2965EBE1D28379900936FF6 /* Debug */,
				C2965EBF1D28379900936FF6 /* Release */,
			);
			defaultConfigurationIsVisible = 0;
		};
/* End XCConfigurationList section */

/* Begin XCVersionGroup section */
		C2965EB21D28379900936FF6 /* HodorChat.xcdatamodeld */ = {
			isa = XCVersionGroup;
			children = (
				C2965EB31D28379900936FF6 /* HodorChat.xcdatamodel */,
			);
			currentVersion = C2965EB31D28379900936FF6 /* HodorChat.xcdatamodel */;
			path = HodorChat.xcdatamodeld;
			sourceTree = "<group>";
			versionGroupType = wrapper.xcdatamodel;
		};
/* End XCVersionGroup section */
	};
	rootObject = C2965EA01D28379900936FF6 /* Project object */;
}
